
<<<<<<< HEAD
Microsoft Visual Studio Solution File, Format Version 11.00
# Visual Studio 2010
Project("{FAE04EC0-301F-11D3-BF4B-00C04F79EFBC}") = "ITT in Gioco", "Assembly-CSharp.csproj", "{E486CCBD-232A-FC2E-5A1C-3AD907459F5F}"
=======
Microsoft Visual Studio Solution File, Format Version 12.00
# Visual Studio 2017
Project("{FAE04EC0-301F-11D3-BF4B-00C04F79EFBC}") = "ITT in Gioco", "ITT in Gioco.csproj", "{DD79C439-C50C-D2E7-3195-74D726209D9A}"
>>>>>>> ade393cf7ef7f04b858821e50747833422955b99
EndProject
Project("{FAE04EC0-301F-11D3-BF4B-00C04F79EFBC}") = "ITT in Gioco", "Assembly-CSharp-firstpass.csproj", "{2B804457-8588-BE9F-7C9C-5C80E5995514}"
EndProject
Project("{FAE04EC0-301F-11D3-BF4B-00C04F79EFBC}") = "ITT in Gioco", "Assembly-CSharp-Editor.csproj", "{46C8D955-7DAC-A5DA-8981-FAC95A962CDF}"
EndProject
Project("{FAE04EC0-301F-11D3-BF4B-00C04F79EFBC}") = "ITT in Gioco", "Assembly-CSharp-Editor-firstpass.csproj", "{3C79608F-84A0-8256-2AAA-55BF0CEDE8D7}"
EndProject
Global
	GlobalSection(SolutionConfigurationPlatforms) = preSolution
		Debug|Any CPU = Debug|Any CPU
		Release|Any CPU = Release|Any CPU
	EndGlobalSection
	GlobalSection(ProjectConfigurationPlatforms) = postSolution
		{E486CCBD-232A-FC2E-5A1C-3AD907459F5F}.Debug|Any CPU.ActiveCfg = Debug|Any CPU
		{E486CCBD-232A-FC2E-5A1C-3AD907459F5F}.Debug|Any CPU.Build.0 = Debug|Any CPU
		{E486CCBD-232A-FC2E-5A1C-3AD907459F5F}.Release|Any CPU.ActiveCfg = Release|Any CPU
		{E486CCBD-232A-FC2E-5A1C-3AD907459F5F}.Release|Any CPU.Build.0 = Release|Any CPU
		{2B804457-8588-BE9F-7C9C-5C80E5995514}.Debug|Any CPU.ActiveCfg = Debug|Any CPU
		{2B804457-8588-BE9F-7C9C-5C80E5995514}.Debug|Any CPU.Build.0 = Debug|Any CPU
		{2B804457-8588-BE9F-7C9C-5C80E5995514}.Release|Any CPU.ActiveCfg = Release|Any CPU
		{2B804457-8588-BE9F-7C9C-5C80E5995514}.Release|Any CPU.Build.0 = Release|Any CPU
		{46C8D955-7DAC-A5DA-8981-FAC95A962CDF}.Debug|Any CPU.ActiveCfg = Debug|Any CPU
		{46C8D955-7DAC-A5DA-8981-FAC95A962CDF}.Debug|Any CPU.Build.0 = Debug|Any CPU
		{46C8D955-7DAC-A5DA-8981-FAC95A962CDF}.Release|Any CPU.ActiveCfg = Release|Any CPU
		{46C8D955-7DAC-A5DA-8981-FAC95A962CDF}.Release|Any CPU.Build.0 = Release|Any CPU
		{3C79608F-84A0-8256-2AAA-55BF0CEDE8D7}.Debug|Any CPU.ActiveCfg = Debug|Any CPU
		{3C79608F-84A0-8256-2AAA-55BF0CEDE8D7}.Debug|Any CPU.Build.0 = Debug|Any CPU
		{3C79608F-84A0-8256-2AAA-55BF0CEDE8D7}.Release|Any CPU.ActiveCfg = Release|Any CPU
		{3C79608F-84A0-8256-2AAA-55BF0CEDE8D7}.Release|Any CPU.Build.0 = Release|Any CPU
	EndGlobalSection
	GlobalSection(SolutionProperties) = preSolution
		HideSolutionNode = FALSE
	EndGlobalSection
	GlobalSection(MonoDevelopProperties) = preSolution
		StartupItem = Assembly-CSharp.csproj
	EndGlobalSection
EndGlobal
